
Microsoft Visual Studio Solution File, Format Version 12.00
# Visual Studio Version 16
VisualStudioVersion = 16.0.31729.503
MinimumVisualStudioVersion = 10.0.40219.1
Project("{FAE04EC0-301F-11D3-BF4B-00C04F79EFBC}") = "Day 6 Logical Programs", "Day 6 Logical Programs.csproj", "{EBEB67E2-C561-4655-859F-FEB8DC965EEB}"
EndProject
Global
	GlobalSection(SolutionConfigurationPlatforms) = preSolution
		Debug|Any CPU = Debug|Any CPU
		Release|Any CPU = Release|Any CPU
	EndGlobalSection
	GlobalSection(ProjectConfigurationPlatforms) = postSolution
		{EBEB67E2-C561-4655-859F-FEB8DC965EEB}.Debug|Any CPU.ActiveCfg = Debug|Any CPU
		{EBEB67E2-C561-4655-859F-FEB8DC965EEB}.Debug|Any CPU.Build.0 = Debug|Any CPU
		{EBEB67E2-C561-4655-859F-FEB8DC965EEB}.Release|Any CPU.ActiveCfg = Release|Any CPU
		{EBEB67E2-C561-4655-859F-FEB8DC965EEB}.Release|Any CPU.Build.0 = Release|Any CPU
	EndGlobalSection
	GlobalSection(SolutionProperties) = preSolution
		HideSolutionNode = FALSE
	EndGlobalSection
	GlobalSection(ExtensibilityGlobals) = postSolution
		SolutionGuid = {62945439-5764-4888-8834-7047AD839B16}
	EndGlobalSection
EndGlobal
